PODS:
  - FlickrKit (1.0.8)
  - SVProgressHUD (2.0.3)

DEPENDENCIES:
  - FlickrKit
  - SVProgressHUD (~> 2.0)

SPEC CHECKSUMS:
  FlickrKit: beadf880a10ccaa2f13666d04112324fe08815e2
  SVProgressHUD: b0830714205bea1317ea1a2ebc71e5633af334d4

PODFILE CHECKSUM: b2c2f6db5a04467027d6524c7649d6151a807534

COCOAPODS: 1.0.1
